
Microsoft Visual Studio Solution File, Format Version 12.00
# Visual Studio Version 16
VisualStudioVersion = 16.0.31410.357
MinimumVisualStudioVersion = 10.0.40219.1
Project("{FAE04EC0-301F-11D3-BF4B-00C04F79EFBC}") = "TestandoPerformances", "TestandoPerformances\TestandoPerformances.csproj", "{9DB2304F-A154-482C-BC7D-27F205B4B798}"
EndProject
Global
	GlobalSection(SolutionConfigurationPlatforms) = preSolution
		Debug|Any CPU = Debug|Any CPU
		Release|Any CPU = Release|Any CPU
	EndGlobalSection
	GlobalSection(ProjectConfigurationPlatforms) = postSolution
		{9DB2304F-A154-482C-BC7D-27F205B4B798}.Debug|Any CPU.ActiveCfg = Debug|Any CPU
		{9DB2304F-A154-482C-BC7D-27F205B4B798}.Debug|Any CPU.Build.0 = Debug|Any CPU
		{9DB2304F-A154-482C-BC7D-27F205B4B798}.Release|Any CPU.ActiveCfg = Release|Any CPU
		{9DB2304F-A154-482C-BC7D-27F205B4B798}.Release|Any CPU.Build.0 = Release|Any CPU
	EndGlobalSection
	GlobalSection(SolutionProperties) = preSolution
		HideSolutionNode = FALSE
	EndGlobalSection
	GlobalSection(ExtensibilityGlobals) = postSolution
		SolutionGuid = {86129DA7-B643-4907-8B49-1F9A37FFDC3F}
	EndGlobalSection
EndGlobal
